
Microsoft Visual Studio Solution File, Format Version 12.00
# Visual Studio Version 17
VisualStudioVersion = 17.10.35013.160
MinimumVisualStudioVersion = 10.0.40219.1
Project("{FAE04EC0-301F-11D3-BF4B-00C04F79EFBC}") = "Task 6", "Task 6\Task 6.csproj", "{CC6B79D0-24E9-4D04-B65D-4788572525AF}"
EndProject
Global
	GlobalSection(SolutionConfigurationPlatforms) = preSolution
		Debug|Any CPU = Debug|Any CPU
		Release|Any CPU = Release|Any CPU
	EndGlobalSection
	GlobalSection(ProjectConfigurationPlatforms) = postSolution
		{CC6B79D0-24E9-4D04-B65D-4788572525AF}.Debug|Any CPU.ActiveCfg = Debug|Any CPU
		{CC6B79D0-24E9-4D04-B65D-4788572525AF}.Debug|Any CPU.Build.0 = Debug|Any CPU
		{CC6B79D0-24E9-4D04-B65D-4788572525AF}.Release|Any CPU.ActiveCfg = Release|Any CPU
		{CC6B79D0-24E9-4D04-B65D-4788572525AF}.Release|Any CPU.Build.0 = Release|Any CPU
	EndGlobalSection
	GlobalSection(SolutionProperties) = preSolution
		HideSolutionNode = FALSE
	EndGlobalSection
	GlobalSection(ExtensibilityGlobals) = postSolution
		SolutionGuid = {77100E09-7892-4FA6-ABCC-AE5FAB6FFCAA}
	EndGlobalSection
EndGlobal
